<Solution>
  <Folder Name="/src/">
    <Project Path="src/EricksonLopez.Auditing/EricksonLopez.Auditing.csproj" />
    <Project Path="src/EricksonLopez.Auditing.Abstractions/EricksonLopez.Auditing.Abstractions.csproj" />
    <Project Path="src/EricksonLopez.Auditing.Dapper/EricksonLopez.Auditing.Dapper.csproj" />
    <Project Path="src/EricksonLopez.Auditing.EntityFrameworkCore/EricksonLopez.Auditing.EntityFrameworkCore.csproj" />
    <Project Path="src/EricksonLopez.Auditing.MongoDb/EricksonLopez.Auditing.MongoDb.csproj" />
    <Project Path="src/EricksonLopez.Auditing.MySql/EricksonLopez.Auditing.MySql.csproj" />
    <Project Path="src/EricksonLopez.Auditing.OpenTelemetry/EricksonLopez.Auditing.OpenTelemetry.csproj" />
    <Project Path="src/EricksonLopez.Auditing.Oracle/EricksonLopez.Auditing.Oracle.csproj" />
    <Project Path="src/EricksonLopez.Auditing.PostgreSql/EricksonLopez.Auditing.PostgreSql.csproj" />
    <Project Path="src/EricksonLopez.Auditing.SqlServer/EricksonLopez.Auditing.SqlServer.csproj" />
    <Project Path="src/EricksonLopez.Auditing.Sqlite/EricksonLopez.Auditing.Sqlite.csproj" />
    <Project Path="src/EricksonLopez.Auditing.Testing/EricksonLopez.Auditing.Testing.csproj" />
  </Folder>
  <Folder Name="/tests/">
    <Project Path="tests/EricksonLopez.Auditing.Tests/EricksonLopez.Auditing.Tests.csproj" />
    <Project Path="tests/EricksonLopez.Auditing.Abstractions.Tests/EricksonLopez.Auditing.Abstractions.Tests.csproj" />
    <Project Path="tests/EricksonLopez.Auditing.Dapper.Tests/EricksonLopez.Auditing.Dapper.Tests.csproj" />
    <Project Path="tests/EricksonLopez.Auditing.EntityFrameworkCore.Tests/EricksonLopez.Auditing.EntityFrameworkCore.Tests.csproj" />
    <Project Path="tests/EricksonLopez.Auditing.MongoDb.Tests/EricksonLopez.Auditing.MongoDb.Tests.csproj" />
    <Project Path="tests/EricksonLopez.Auditing.MySql.Tests/EricksonLopez.Auditing.MySql.Tests.csproj" />
    <Project Path="tests/EricksonLopez.Auditing.OpenTelemetry.Tests/EricksonLopez.Auditing.OpenTelemetry.Tests.csproj" />
    <Project Path="tests/EricksonLopez.Auditing.Oracle.Tests/EricksonLopez.Auditing.Oracle.Tests.csproj" />
    <Project Path="tests/EricksonLopez.Auditing.PostgreSql.Tests/EricksonLopez.Auditing.PostgreSql.Tests.csproj" />
    <Project Path="tests/EricksonLopez.Auditing.SqlServer.Tests/EricksonLopez.Auditing.SqlServer.Tests.csproj" />
    <Project Path="tests/EricksonLopez.Auditing.Sqlite.Tests/EricksonLopez.Auditing.Sqlite.Tests.csproj" />
    <Project Path="tests/EricksonLopez.Auditing.Testing.Tests/EricksonLopez.Auditing.Testing.Tests.csproj" />
    <Project Path="tests/EricksonLopez.Auditing.IntegrationTests/EricksonLopez.Auditing.IntegrationTests.csproj" />
    <Project Path="tests/EricksonLopez.Auditing.AotSmokeTest/EricksonLopez.Auditing.AotSmokeTest.csproj" />
  </Folder>
  <Folder Name="/benchmarks/">
    <Project Path="benchmarks/EricksonLopez.Auditing.Benchmarks/EricksonLopez.Auditing.Benchmarks.csproj" />
  </Folder>
  <Folder Name="/samples/">
    <Project Path="samples/EricksonLopez.Auditing.Showcase/EricksonLopez.Auditing.Showcase.csproj" />
  </Folder>
</Solution>
